// !$*UTF8*$!
{
	archiveVersion = 1;
	classes = {
	};
	objectVersion = 50;
	objects = {

/* Begin PBXBuildFile section */
		4DF6102F211E343700714010 /* AppDelegate.swift in Sources */ = {isa = PBXBuildFile; fileRef = 4DF6102E211E343700714010 /* AppDelegate.swift */; };
		4DF61034211E343700714010 /* Main.storyboard in Resources */ = {isa = PBXBuildFile; fileRef = 4DF61032211E343700714010 /* Main.storyboard */; };
		4DF61037211E343700714010 /* myJournalApp.xcdatamodeld in Sources */ = {isa = PBXBuildFile; fileRef = 4DF61035211E343700714010 /* myJournalApp.xcdatamodeld */; };
		4DF61039211E343800714010 /* Assets.xcassets in Resources */ = {isa = PBXBuildFile; fileRef = 4DF61038211E343800714010 /* Assets.xcassets */; };
		4DF6103C211E343800714010 /* LaunchScreen.storyboard in Resources */ = {isa = PBXBuildFile; fileRef = 4DF6103A211E343800714010 /* LaunchScreen.storyboard */; };
		4DF61047211E343800714010 /* myJournalAppTests.swift in Sources */ = {isa = PBXBuildFile; fileRef = 4DF61046211E343800714010 /* myJournalAppTests.swift */; };
		4DF61052211E343900714010 /* myJournalAppUITests.swift in Sources */ = {isa = PBXBuildFile; fileRef = 4DF61051211E343900714010 /* myJournalAppUITests.swift */; };
		4DF61060211E34B200714010 /* JournalTableViewController.swift in Sources */ = {isa = PBXBuildFile; fileRef = 4DF6105F211E34B200714010 /* JournalTableViewController.swift */; };
		4DF61062211E37D800714010 /* AddItemViewController.swift in Sources */ = {isa = PBXBuildFile; fileRef = 4DF61061211E37D800714010 /* AddItemViewController.swift */; };
		616EF7052123BC5300CB4CF5 /* EditEntryViewController.swift in Sources */ = {isa = PBXBuildFile; fileRef = 616EF7042123BC5300CB4CF5 /* EditEntryViewController.swift */; };
/* End PBXBuildFile section */

/* Begin PBXContainerItemProxy section */
		4DF61043211E343800714010 /* PBXContainerItemProxy */ = {
			isa = PBXContainerItemProxy;
			containerPortal = 4DF61023211E343700714010 /* Project object */;
			proxyType = 1;
			remoteGlobalIDString = 4DF6102A211E343700714010;
			remoteInfo = myJournalApp;
		};
		4DF6104E211E343900714010 /* PBXContainerItemProxy */ = {
			isa = PBXContainerItemProxy;
			containerPortal = 4DF61023211E343700714010 /* Project object */;
			proxyType = 1;
			remoteGlobalIDString = 4DF6102A211E343700714010;
			remoteInfo = myJournalApp;
		};
/* End PBXContainerItemProxy section */

/* Begin PBXFileReference section */
		4DF6102B211E343700714010 /* myJournalApp.app */ = {isa = PBXFileReference; explicitFileType = wrapper.application; includeInIndex = 0; path = myJournalApp.app; sourceTree = BUILT_PRODUCTS_DIR; };
		4DF6102E211E343700714010 /* AppDelegate.swift */ = {isa = PBXFileReference; lastKnownFileType = sourcecode.swift; path = AppDelegate.swift; sourceTree = "<group>"; };
		4DF61033211E343700714010 /* Base */ = {isa = PBXFileReference; lastKnownFileType = file.storyboard; name = Base; path = Base.lproj/Main.storyboard; sourceTree = "<group>"; };
		4DF61036211E343700714010 /* myJournalApp.xcdatamodel */ = {isa = PBXFileReference; lastKnownFileType = wrapper.xcdatamodel; path = myJournalApp.xcdatamodel; sourceTree = "<group>"; };
		4DF61038211E343800714010 /* Assets.xcassets */ = {isa = PBXFileReference; lastKnownFileType = folder.assetcatalog; path = Assets.xcassets; sourceTree = "<group>"; };
		4DF6103B211E343800714010 /* Base */ = {isa = PBXFileReference; lastKnownFileType = file.storyboard; name = Base; path = Base.lproj/LaunchScreen.storyboard; sourceTree = "<group>"; };
		4DF6103D211E343800714010 /* Info.plist */ = {isa = PBXFileReference; lastKnownFileType = text.plist.xml; path = Info.plist; sourceTree = "<group>"; };
		4DF61042211E343800714010 /* myJournalAppTests.xctest */ = {isa = PBXFileReference; explicitFileType = wrapper.cfbundle; includeInIndex = 0; path = myJournalAppTests.xctest; sourceTree = BUILT_PRODUCTS_DIR; };
		4DF61046211E343800714010 /* myJournalAppTests.swift */ = {isa = PBXFileReference; lastKnownFileType = sourcecode.swift; path = myJournalAppTests.swift; sourceTree = "<group>"; };
		4DF61048211E343800714010 /* Info.plist */ = {isa = PBXFileReference; lastKnownFileType = text.plist.xml; path = Info.plist; sourceTree = "<group>"; };
		4DF6104D211E343900714010 /* myJournalAppUITests.xctest */ = {isa = PBXFileReference; explicitFileType = wrapper.cfbundle; includeInIndex = 0; path = myJournalAppUITests.xctest; sourceTree = BUILT_PRODUCTS_DIR; };
		4DF61051211E343900714010 /* myJournalAppUITests.swift */ = {isa = PBXFileReference; lastKnownFileType = sourcecode.swift; path = myJournalAppUITests.swift; sourceTree = "<group>"; };
		4DF61053211E343900714010 /* Info.plist */ = {isa = PBXFileReference; lastKnownFileType = text.plist.xml; path = Info.plist; sourceTree = "<group>"; };
		4DF6105F211E34B200714010 /* JournalTableViewController.swift */ = {isa = PBXFileReference; lastKnownFileType = sourcecode.swift; path = JournalTableViewController.swift; sourceTree = "<group>"; };
		4DF61061211E37D800714010 /* AddItemViewController.swift */ = {isa = PBXFileReference; lastKnownFileType = sourcecode.swift; path = AddItemViewController.swift; sourceTree = "<group>"; };
		616EF7042123BC5300CB4CF5 /* EditEntryViewController.swift */ = {isa = PBXFileReference; lastKnownFileType = sourcecode.swift; path = EditEntryViewController.swift; sourceTree = "<group>"; };
/* End PBXFileReference section */

/* Begin PBXFrameworksBuildPhase section */
		4DF61028211E343700714010 /* Frameworks */ = {
			isa = PBXFrameworksBuildPhase;
			buildActionMask = 2147483647;
			files = (
			);
			runOnlyForDeploymentPostprocessing = 0;
		};
		4DF6103F211E343800714010 /* Frameworks */ = {
			isa = PBXFrameworksBuildPhase;
			buildActionMask = 2147483647;
			files = (
			);
			runOnlyForDeploymentPostprocessing = 0;
		};
		4DF6104A211E343900714010 /* Frameworks */ = {
			isa = PBXFrameworksBuildPhase;
			buildActionMask = 2147483647;
			files = (
			);
			runOnlyForDeploymentPostprocessing = 0;
		};
/* End PBXFrameworksBuildPhase section */

/* Begin PBXGroup section */
		4DF61022211E343700714010 = {
			isa = PBXGroup;
			children = (
				4DF6102D211E343700714010 /* myJournalApp */,
				4DF61045211E343800714010 /* myJournalAppTests */,
				4DF61050211E343900714010 /* myJournalAppUITests */,
				4DF6102C211E343700714010 /* Products */,
			);
			sourceTree = "<group>";
		};
		4DF6102C211E343700714010 /* Products */ = {
			isa = PBXGroup;
			children = (
				4DF6102B211E343700714010 /* myJournalApp.app */,
				4DF61042211E343800714010 /* myJournalAppTests.xctest */,
				4DF6104D211E343900714010 /* myJournalAppUITests.xctest */,
			);
			name = Products;
			sourceTree = "<group>";
		};
		4DF6102D211E343700714010 /* myJournalApp */ = {
			isa = PBXGroup;
			children = (
				4DF6102E211E343700714010 /* AppDelegate.swift */,
				4DF61063211E37E500714010 /* ViewControllers */,
				4DF61064211E37FC00714010 /* Storyboards */,
				4DF61038211E343800714010 /* Assets.xcassets */,
				4DF6103D211E343800714010 /* Info.plist */,
				4DF61035211E343700714010 /* myJournalApp.xcdatamodeld */,
			);
			path = myJournalApp;
			sourceTree = "<group>";
		};
		4DF61045211E343800714010 /* myJournalAppTests */ = {
			isa = PBXGroup;
			children = (
				4DF61046211E343800714010 /* myJournalAppTests.swift */,
				4DF61048211E343800714010 /* Info.plist */,
			);
			path = myJournalAppTests;
			sourceTree = "<group>";
		};
		4DF61050211E343900714010 /* myJournalAppUITests */ = {
			isa = PBXGroup;
			children = (
				4DF61051211E343900714010 /* myJournalAppUITests.swift */,
				4DF61053211E343900714010 /* Info.plist */,
			);
			path = myJournalAppUITests;
			sourceTree = "<group>";
		};
		4DF61063211E37E500714010 /* ViewControllers */ = {
			isa = PBXGroup;
			children = (
				4DF61061211E37D800714010 /* AddItemViewController.swift */,
				4DF6105F211E34B200714010 /* JournalTableViewController.swift */,
				616EF7042123BC5300CB4CF5 /* EditEntryViewController.swift */,
			);
			path = ViewControllers;
			sourceTree = "<group>";
		};
		4DF61064211E37FC00714010 /* Storyboards */ = {
			isa = PBXGroup;
			children = (
				4DF61032211E343700714010 /* Main.storyboard */,
				4DF6103A211E343800714010 /* LaunchScreen.storyboard */,
			);
			path = Storyboards;
			sourceTree = "<group>";
		};
/* End PBXGroup section */

/* Begin PBXNativeTarget section */
		4DF6102A211E343700714010 /* myJournalApp */ = {
			isa = PBXNativeTarget;
			buildConfigurationList = 4DF61056211E343900714010 /* Build configuration list for PBXNativeTarget "myJournalApp" */;
			buildPhases = (
				4DF61027211E343700714010 /* Sources */,
				4DF61028211E343700714010 /* Frameworks */,
				4DF61029211E343700714010 /* Resources */,
			);
			buildRules = (
			);
			dependencies = (
			);
			name = myJournalApp;
			productName = myJournalApp;
			productReference = 4DF6102B211E343700714010 /* myJournalApp.app */;
			productType = "com.apple.product-type.application";
		};
		4DF61041211E343800714010 /* myJournalAppTests */ = {
			isa = PBXNativeTarget;
			buildConfigurationList = 4DF61059211E343900714010 /* Build configuration list for PBXNativeTarget "myJournalAppTests" */;
			buildPhases = (
				4DF6103E211E343800714010 /* Sources */,
				4DF6103F211E343800714010 /* Frameworks */,
				4DF61040211E343800714010 /* Resources */,
			);
			buildRules = (
			);
			dependencies = (
				4DF61044211E343800714010 /* PBXTargetDependency */,
			);
			name = myJournalAppTests;
			productName = myJournalAppTests;
			productReference = 4DF61042211E343800714010 /* myJournalAppTests.xctest */;
			productType = "com.apple.product-type.bundle.unit-test";
		};
		4DF6104C211E343900714010 /* myJournalAppUITests */ = {
			isa = PBXNativeTarget;
			buildConfigurationList = 4DF6105C211E343900714010 /* Build configuration list for PBXNativeTarget "myJournalAppUITests" */;
			buildPhases = (
				4DF61049211E343900714010 /* Sources */,
				4DF6104A211E343900714010 /* Frameworks */,
				4DF6104B211E343900714010 /* Resources */,
			);
			buildRules = (
			);
			dependencies = (
				4DF6104F211E343900714010 /* PBXTargetDependency */,
			);
			name = myJournalAppUITests;
			productName = myJournalAppUITests;
			productReference = 4DF6104D211E343900714010 /* myJournalAppUITests.xctest */;
			productType = "com.apple.product-type.bundle.ui-testing";
		};
/* End PBXNativeTarget section */

/* Begin PBXProject section */
		4DF61023211E343700714010 /* Project object */ = {
			isa = PBXProject;
			attributes = {
				LastSwiftUpdateCheck = 0940;
				LastUpgradeCheck = 0940;
				ORGANIZATIONNAME = "Virgil Alexander Martinez";
				TargetAttributes = {
					4DF6102A211E343700714010 = {
						CreatedOnToolsVersion = 9.4.1;
					};
					4DF61041211E343800714010 = {
						CreatedOnToolsVersion = 9.4.1;
						TestTargetID = 4DF6102A211E343700714010;
					};
					4DF6104C211E343900714010 = {
						CreatedOnToolsVersion = 9.4.1;
						TestTargetID = 4DF6102A211E343700714010;
					};
				};
			};
			buildConfigurationList = 4DF61026211E343700714010 /* Build configuration list for PBXProject "myJournalApp" */;
			compatibilityVersion = "Xcode 9.3";
			developmentRegion = en;
			hasScannedForEncodings = 0;
			knownRegions = (
				en,
				Base,
			);
			mainGroup = 4DF61022211E343700714010;
			productRefGroup = 4DF6102C211E343700714010 /* Products */;
			projectDirPath = "";
			projectRoot = "";
			targets = (
				4DF6102A211E343700714010 /* myJournalApp */,
				4DF61041211E343800714010 /* myJournalAppTests */,
				4DF6104C211E343900714010 /* myJournalAppUITests */,
			);
		};
/* End PBXProject section */

/* Begin PBXResourcesBuildPhase section */
		4DF61029211E343700714010 /* Resources */ = {
			isa = PBXResourcesBuildPhase;
			buildActionMask = 2147483647;
			files = (
				4DF6103C211E343800714010 /* LaunchScreen.storyboard in Resources */,
				4DF61039211E343800714010 /* Assets.xcassets in Resources */,
				4DF61034211E343700714010 /* Main.storyboard in Resources */,
			);
			runOnlyForDeploymentPostprocessing = 0;
		};
		4DF61040211E343800714010 /* Resources */ = {
			isa = PBXResourcesBuildPhase;
			buildActionMask = 2147483647;
			files = (
			);
			runOnlyForDeploymentPostprocessing = 0;
		};
		4DF6104B211E343900714010 /* Resources */ = {
			isa = PBXResourcesBuildPhase;
			buildActionMask = 2147483647;
			files = (
			);
			runOnlyForDeploymentPostprocessing = 0;
		};
/* End PBXResourcesBuildPhase section */

/* Begin PBXSourcesBuildPhase section */
		4DF61027211E343700714010 /* Sources */ = {
			isa = PBXSourcesBuildPhase;
			buildActionMask = 2147483647;
			files = (
				4DF6102F211E343700714010 /* AppDelegate.swift in Sources */,
				4DF61062211E37D800714010 /* AddItemViewController.swift in Sources */,
				4DF61060211E34B200714010 /* JournalTableViewController.swift in Sources */,
				4DF61037211E343700714010 /* myJournalApp.xcdatamodeld in Sources */,
				616EF7052123BC5300CB4CF5 /* EditEntryViewController.swift in Sources */,
			);
			runOnlyForDeploymentPostprocessing = 0;
		};
		4DF6103E211E343800714010 /* Sources */ = {
			isa = PBXSourcesBuildPhase;
			buildActionMask = 2147483647;
			files = (
				4DF61047211E343800714010 /* myJournalAppTests.swift in Sources */,
			);
			runOnlyForDeploymentPostprocessing = 0;
		};
		4DF61049211E343900714010 /* Sources */ = {
			isa = PBXSourcesBuildPhase;
			buildActionMask = 2147483647;
			files = (
				4DF61052211E343900714010 /* myJournalAppUITests.swift in Sources */,
			);
			runOnlyForDeploymentPostprocessing = 0;
		};
/* End PBXSourcesBuildPhase section */

/* Begin PBXTargetDependency section */
		4DF61044211E343800714010 /* PBXTargetDependency */ = {
			isa = PBXTargetDependency;
			target = 4DF6102A211E343700714010 /* myJournalApp */;
			targetProxy = 4DF61043211E343800714010 /* PBXContainerItemProxy */;
		};
		4DF6104F211E343900714010 /* PBXTargetDependency */ = {
			isa = PBXTargetDependency;
			target = 4DF6102A211E343700714010 /* myJournalApp */;
			targetProxy = 4DF6104E211E343900714010 /* PBXContainerItemProxy */;
		};
/* End PBXTargetDependency section */

/* Begin PBXVariantGroup section */
		4DF61032211E343700714010 /* Main.storyboard */ = {
			isa = PBXVariantGroup;
			children = (
				4DF61033211E343700714010 /* Base */,
			);
			name = Main.storyboard;
			sourceTree = "<group>";
		};
		4DF6103A211E343800714010 /* LaunchScreen.storyboard */ = {
			isa = PBXVariantGroup;
			children = (
				4DF6103B211E343800714010 /* Base */,
			);
			name = LaunchScreen.storyboard;
			sourceTree = "<group>";
		};
/* End PBXVariantGroup section */

/* Begin XCBuildConfiguration section */
		4DF61054211E343900714010 /* Debug */ = {
			isa = XCBuildConfiguration;
			buildSettings = {
				ALWAYS_SEARCH_USER_PATHS = NO;
				CLANG_ANALYZER_NONNULL = YES;
				CLANG_ANALYZER_NUMBER_OBJECT_CONVERSION = YES_AGGRESSIVE;
				CLANG_CXX_LANGUAGE_STANDARD = "gnu++14";
				CLANG_CXX_LIBRARY = "libc++";
				CLANG_ENABLE_MODULES = YES;
				CLANG_ENABLE_OBJC_ARC = YES;
				CLANG_ENABLE_OBJC_WEAK = YES;
				CLANG_WARN_BLOCK_CAPTURE_AUTORELEASING = YES;
				CLANG_WARN_BOOL_CONVERSION = YES;
				CLANG_WARN_COMMA = YES;
				CLANG_WARN_CONSTANT_CONVERSION = YES;
				CLANG_WARN_DEPRECATED_OBJC_IMPLEMENTATIONS = YES;
				CLANG_WARN_DIRECT_OBJC_ISA_USAGE = YES_ERROR;
				CLANG_WARN_DOCUMENTATION_COMMENTS = YES;
				CLANG_WARN_EMPTY_BODY = YES;
				CLANG_WARN_ENUM_CONVERSION = YES;
				CLANG_WARN_INFINITE_RECURSION = YES;
				CLANG_WARN_INT_CONVERSION = YES;
				CLANG_WARN_NON_LITERAL_NULL_CONVERSION = YES;
				CLANG_WARN_OBJC_IMPLICIT_RETAIN_SELF = YES;
				CLANG_WARN_OBJC_LITERAL_CONVERSION = YES;
				CLANG_WARN_OBJC_ROOT_CLASS = YES_ERROR;
				CLANG_WARN_RANGE_LOOP_ANALYSIS = YES;
				CLANG_WARN_STRICT_PROTOTYPES = YES;
				CLANG_WARN_SUSPICIOUS_MOVE = YES;
				CLANG_WARN_UNGUARDED_AVAILABILITY = YES_AGGRESSIVE;
				CLANG_WARN_UNREACHABLE_CODE = YES;
				CLANG_WARN__DUPLICATE_METHOD_MATCH = YES;
				CODE_SIGN_IDENTITY = "iPhone Developer";
				COPY_PHASE_STRIP = NO;
				DEBUG_INFORMATION_FORMAT = dwarf;
				ENABLE_STRICT_OBJC_MSGSEND = YES;
				ENABLE_TESTABILITY = YES;
				GCC_C_LANGUAGE_STANDARD = gnu11;
				GCC_DYNAMIC_NO_PIC = NO;
				GCC_NO_COMMON_BLOCKS = YES;
				GCC_OPTIMIZATION_LEVEL = 0;
				GCC_PREPROCESSOR_DEFINITIONS = (
					"DEBUG=1",
					"$(inherited)",
				);
				GCC_WARN_64_TO_32_BIT_CONVERSION = YES;
				GCC_WARN_ABOUT_RETURN_TYPE = YES_ERROR;
				GCC_WARN_UNDECLARED_SELECTOR = YES;
				GCC_WARN_UNINITIALIZED_AUTOS = YES_AGGRESSIVE;
				GCC_WARN_UNUSED_FUNCTION = YES;
				GCC_WARN_UNUSED_VARIABLE = YES;
				IPHONEOS_DEPLOYMENT_TARGET = 11.4;
				MTL_ENABLE_DEBUG_INFO = YES;
				ONLY_ACTIVE_ARCH = YES;
				SDKROOT = iphoneos;
				SWIFT_ACTIVE_COMPILATION_CONDITIONS = DEBUG;
				SWIFT_OPTIMIZATION_LEVEL = "-Onone";
			};
			name = Debug;
		};
		4DF61055211E343900714010 /* Release */ = {
			isa = XCBuildConfiguration;
			buildSettings = {
				ALWAYS_SEARCH_USER_PATHS = NO;
				CLANG_ANALYZER_NONNULL = YES;
				CLANG_ANALYZER_NUMBER_OBJECT_CONVERSION = YES_AGGRESSIVE;
				CLANG_CXX_LANGUAGE_STANDARD = "gnu++14";
				CLANG_CXX_LIBRARY = "libc++";
				CLANG_ENABLE_MODULES = YES;
				CLANG_ENABLE_OBJC_ARC = YES;
				CLANG_ENABLE_OBJC_WEAK = YES;
				CLANG_WARN_BLOCK_CAPTURE_AUTORELEASING = YES;
				CLANG_WARN_BOOL_CONVERSION = YES;
				CLANG_WARN_COMMA = YES;
				CLANG_WARN_CONSTANT_CONVERSION = YES;
				CLANG_WARN_DEPRECATED_OBJC_IMPLEMENTATIONS = YES;
				CLANG_WARN_DIRECT_OBJC_ISA_USAGE = YES_ERROR;
				CLANG_WARN_DOCUMENTATION_COMMENTS = YES;
				CLANG_WARN_EMPTY_BODY = YES;
				CLANG_WARN_ENUM_CONVERSION = YES;
				CLANG_WARN_INFINITE_RECURSION = YES;
				CLANG_WARN_INT_CONVERSION = YES;
				CLANG_WARN_NON_LITERAL_NULL_CONVERSION = YES;
				CLANG_WARN_OBJC_IMPLICIT_RETAIN_SELF = YES;
				CLANG_WARN_OBJC_LITERAL_CONVERSION = YES;
				CLANG_WARN_OBJC_ROOT_CLASS = YES_ERROR;
				CLANG_WARN_RANGE_LOOP_ANALYSIS = YES;
				CLANG_WARN_STRICT_PROTOTYPES = YES;
				CLANG_WARN_SUSPICIOUS_MOVE = YES;
				CLANG_WARN_UNGUARDED_AVAILABILITY = YES_AGGRESSIVE;
				CLANG_WARN_UNREACHABLE_CODE = YES;
				CLANG_WARN__DUPLICATE_METHOD_MATCH = YES;
				CODE_SIGN_IDENTITY = "iPhone Developer";
				COPY_PHASE_STRIP = NO;
				DEBUG_INFORMATION_FORMAT = "dwarf-with-dsym";
				ENABLE_NS_ASSERTIONS = NO;
				ENABLE_STRICT_OBJC_MSGSEND = YES;
				GCC_C_LANGUAGE_STANDARD = gnu11;
				GCC_NO_COMMON_BLOCKS = YES;
				GCC_WARN_64_TO_32_BIT_CONVERSION = YES;
				GCC_WARN_ABOUT_RETURN_TYPE = YES_ERROR;
				GCC_WARN_UNDECLARED_SELECTOR = YES;
				GCC_WARN_UNINITIALIZED_AUTOS = YES_AGGRESSIVE;
				GCC_WARN_UNUSED_FUNCTION = YES;
				GCC_WARN_UNUSED_VARIABLE = YES;
				IPHONEOS_DEPLOYMENT_TARGET = 11.4;
				MTL_ENABLE_DEBUG_INFO = NO;
				SDKROOT = iphoneos;
				SWIFT_COMPILATION_MODE = wholemodule;
				SWIFT_OPTIMIZATION_LEVEL = "-O";
				VALIDATE_PRODUCT = YES;
			};
			name = Release;
		};
		4DF61057211E343900714010 /* Debug */ = {
			isa = XCBuildConfiguration;
			buildSettings = {
				ASSETCATALOG_COMPILER_APPICON_NAME = AppIcon;
				CODE_SIGN_STYLE = Automatic;
				DEVELOPMENT_TEAM = RN2EQC2QM5;
				INFOPLIST_FILE = myJournalApp/Info.plist;
				LD_RUNPATH_SEARCH_PATHS = (
					"$(inherited)",
					"@executable_path/Frameworks",
				);
				PRODUCT_BUNDLE_IDENTIFIER = com.virgilmartinez.myJournalApp;
				PRODUCT_NAME = "$(TARGET_NAME)";
				SWIFT_VERSION = 4.0;
				TARGETED_DEVICE_FAMILY = "1,2";
			};
			name = Debug;
		};
		4DF61058211E343900714010 /* Release */ = {
			isa = XCBuildConfiguration;
			buildSettings = {
				ASSETCATALOG_COMPILER_APPICON_NAME = AppIcon;
				CODE_SIGN_STYLE = Automatic;
				DEVELOPMENT_TEAM = RN2EQC2QM5;
				INFOPLIST_FILE = myJournalApp/Info.plist;
				LD_RUNPATH_SEARCH_PATHS = (
					"$(inherited)",
					"@executable_path/Frameworks",
				);
				PRODUCT_BUNDLE_IDENTIFIER = com.virgilmartinez.myJournalApp;
				PRODUCT_NAME = "$(TARGET_NAME)";
				SWIFT_VERSION = 4.0;
				TARGETED_DEVICE_FAMILY = "1,2";
			};
			name = Release;
		};
		4DF6105A211E343900714010 /* Debug */ = {
			isa = XCBuildConfiguration;
			buildSettings = {
				ALWAYS_EMBED_SWIFT_STANDARD_LIBRARIES = YES;
				BUNDLE_LOADER = "$(TEST_HOST)";
				CODE_SIGN_STYLE = Automatic;
				DEVELOPMENT_TEAM = RN2EQC2QM5;
				INFOPLIST_FILE = myJournalAppTests/Info.plist;
				LD_RUNPATH_SEARCH_PATHS = (
					"$(inherited)",
					"@executable_path/Frameworks",
					"@loader_path/Frameworks",
				);
				PRODUCT_BUNDLE_IDENTIFIER = com.virgilmartinez.myJournalAppTests;
				PRODUCT_NAME = "$(TARGET_NAME)";
				SWIFT_VERSION = 4.0;
				TARGETED_DEVICE_FAMILY = "1,2";
				TEST_HOST = "$(BUILT_PRODUCTS_DIR)/myJournalApp.app/myJournalApp";
			};
			name = Debug;
		};
		4DF6105B211E343900714010 /* Release */ = {
			isa = XCBuildConfiguration;
			buildSettings = {
				ALWAYS_EMBED_SWIFT_STANDARD_LIBRARIES = YES;
				BUNDLE_LOADER = "$(TEST_HOST)";
				CODE_SIGN_STYLE = Automatic;
				DEVELOPMENT_TEAM = RN2EQC2QM5;
				INFOPLIST_FILE = myJournalAppTests/Info.plist;
				LD_RUNPATH_SEARCH_PATHS = (
					"$(inherited)",
					"@executable_path/Frameworks",
					"@loader_path/Frameworks",
				);
				PRODUCT_BUNDLE_IDENTIFIER = com.virgilmartinez.myJournalAppTests;
				PRODUCT_NAME = "$(TARGET_NAME)";
				SWIFT_VERSION = 4.0;
				TARGETED_DEVICE_FAMILY = "1,2";
				TEST_HOST = "$(BUILT_PRODUCTS_DIR)/myJournalApp.app/myJournalApp";
			};
			name = Release;
		};
		4DF6105D211E343900714010 /* Debug */ = {
			isa = XCBuildConfiguration;
			buildSettings = {
				ALWAYS_EMBED_SWIFT_STANDARD_LIBRARIES = YES;
				CODE_SIGN_STYLE = Automatic;
				DEVELOPMENT_TEAM = RN2EQC2QM5;
				INFOPLIST_FILE = myJournalAppUITests/Info.plist;
				LD_RUNPATH_SEARCH_PATHS = (
					"$(inherited)",
					"@executable_path/Frameworks",
					"@loader_path/Frameworks",
				);
				PRODUCT_BUNDLE_IDENTIFIER = com.virgilmartinez.myJournalAppUITests;
				PRODUCT_NAME = "$(TARGET_NAME)";
				SWIFT_VERSION = 4.0;
				TARGETED_DEVICE_FAMILY = "1,2";
				TEST_TARGET_NAME = myJournalApp;
			};
			name = Debug;
		};
		4DF6105E211E343900714010 /* Release */ = {
			isa = XCBuildConfiguration;
			buildSettings = {
				ALWAYS_EMBED_SWIFT_STANDARD_LIBRARIES = YES;
				CODE_SIGN_STYLE = Automatic;
				DEVELOPMENT_TEAM = RN2EQC2QM5;
				INFOPLIST_FILE = myJournalAppUITests/Info.plist;
				LD_RUNPATH_SEARCH_PATHS = (
					"$(inherited)",
					"@executable_path/Frameworks",
					"@loader_path/Frameworks",
				);
				PRODUCT_BUNDLE_IDENTIFIER = com.virgilmartinez.myJournalAppUITests;
				PRODUCT_NAME = "$(TARGET_NAME)";
				SWIFT_VERSION = 4.0;
				TARGETED_DEVICE_FAMILY = "1,2";
				TEST_TARGET_NAME = myJournalApp;
			};
			name = Release;
		};
/* End XCBuildConfiguration section */

/* Begin XCConfigurationList section */
		4DF61026211E343700714010 /* Build configuration list for PBXProject "myJournalApp" */ = {
			isa = XCConfigurationList;
			buildConfigurations = (
				4DF61054211E343900714010 /* Debug */,
				4DF61055211E343900714010 /* Release */,
			);
			defaultConfigurationIsVisible = 0;
			defaultConfigurationName = Release;
		};
		4DF61056211E343900714010 /* Build configuration list for PBXNativeTarget "myJournalApp" */ = {
			isa = XCConfigurationList;
			buildConfigurations = (
				4DF61057211E343900714010 /* Debug */,
				4DF61058211E343900714010 /* Release */,
			);
			defaultConfigurationIsVisible = 0;
			defaultConfigurationName = Release;
		};
		4DF61059211E343900714010 /* Build configuration list for PBXNativeTarget "myJournalAppTests" */ = {
			isa = XCConfigurationList;
			buildConfigurations = (
				4DF6105A211E343900714010 /* Debug */,
				4DF6105B211E343900714010 /* Release */,
			);
			defaultConfigurationIsVisible = 0;
			defaultConfigurationName = Release;
		};
		4DF6105C211E343900714010 /* Build configuration list for PBXNativeTarget "myJournalAppUITests" */ = {
			isa = XCConfigurationList;
			buildConfigurations = (
				4DF6105D211E343900714010 /* Debug */,
				4DF6105E211E343900714010 /* Release */,
			);
			defaultConfigurationIsVisible = 0;
			defaultConfigurationName = Release;
		};
/* End XCConfigurationList section */

/* Begin XCVersionGroup section */
		4DF61035211E343700714010 /* myJournalApp.xcdatamodeld */ = {
			isa = XCVersionGroup;
			children = (
				4DF61036211E343700714010 /* myJournalApp.xcdatamodel */,
			);
			currentVersion = 4DF61036211E343700714010 /* myJournalApp.xcdatamodel */;
			path = myJournalApp.xcdatamodeld;
			sourceTree = "<group>";
			versionGroupType = wrapper.xcdatamodel;
		};
/* End XCVersionGroup section */
	};
	rootObject = 4DF61023211E343700714010 /* Project object */;
}
